// !$*UTF8*$!
{
	archiveVersion = 1;
	classes = {
	};
	objectVersion = 50;
	objects = {

/* Begin PBXBuildFile section */
		35389C1A25C9ECFE00108635 /* AppDelegate.swift in Sources */ = {isa = PBXBuildFile; fileRef = 35389C1925C9ECFE00108635 /* AppDelegate.swift */; };
		35389C1C25C9ECFE00108635 /* SceneDelegate.swift in Sources */ = {isa = PBXBuildFile; fileRef = 35389C1B25C9ECFE00108635 /* SceneDelegate.swift */; };
		35389C1E25C9ECFE00108635 /* ViewController.swift in Sources */ = {isa = PBXBuildFile; fileRef = 35389C1D25C9ECFE00108635 /* ViewController.swift */; };
		35389C2125C9ECFE00108635 /* Main.storyboard in Resources */ = {isa = PBXBuildFile; fileRef = 35389C1F25C9ECFE00108635 /* Main.storyboard */; };
		35389C2325C9ED0900108635 /* Assets.xcassets in Resources */ = {isa = PBXBuildFile; fileRef = 35389C2225C9ED0900108635 /* Assets.xcassets */; };
		35389C2625C9ED0900108635 /* LaunchScreen.storyboard in Resources */ = {isa = PBXBuildFile; fileRef = 35389C2425C9ED0900108635 /* LaunchScreen.storyboard */; };
/* End PBXBuildFile section */

/* Begin PBXFileReference section */
		35389C1625C9ECFE00108635 /* ValentinaDerksen_BillCalc.app */ = {isa = PBXFileReference; explicitFileType = wrapper.application; includeInIndex = 0; path = ValentinaDerksen_BillCalc.app; sourceTree = BUILT_PRODUCTS_DIR; };
		35389C1925C9ECFE00108635 /* AppDelegate.swift */ = {isa = PBXFileReference; lastKnownFileType = sourcecode.swift; path = AppDelegate.swift; sourceTree = "<group>"; };
		35389C1B25C9ECFE00108635 /* SceneDelegate.swift */ = {isa = PBXFileReference; lastKnownFileType = sourcecode.swift; path = SceneDelegate.swift; sourceTree = "<group>"; };
		35389C1D25C9ECFE00108635 /* ViewController.swift */ = {isa = PBXFileReference; lastKnownFileType = sourcecode.swift; path = ViewController.swift; sourceTree = "<group>"; };
		35389C2025C9ECFE00108635 /* Base */ = {isa = PBXFileReference; lastKnownFileType = file.storyboard; name = Base; path = Base.lproj/Main.storyboard; sourceTree = "<group>"; };
		35389C2225C9ED0900108635 /* Assets.xcassets */ = {isa = PBXFileReference; lastKnownFileType = folder.assetcatalog; path = Assets.xcassets; sourceTree = "<group>"; };
		35389C2525C9ED0900108635 /* Base */ = {isa = PBXFileReference; lastKnownFileType = file.storyboard; name = Base; path = Base.lproj/LaunchScreen.storyboard; sourceTree = "<group>"; };
		35389C2725C9ED0900108635 /* Info.plist */ = {isa = PBXFileReference; lastKnownFileType = text.plist.xml; path = Info.plist; sourceTree = "<group>"; };
/* End PBXFileReference section */

/* Begin PBXFrameworksBuildPhase section */
		35389C1325C9ECFE00108635 /* Frameworks */ = {
			isa = PBXFrameworksBuildPhase;
			buildActionMask = 2147483647;
			files = (
			);
			runOnlyForDeploymentPostprocessing = 0;
		};
/* End PBXFrameworksBuildPhase section */

/* Begin PBXGroup section */
		35389C0D25C9ECFE00108635 = {
			isa = PBXGroup;
			children = (
				35389C1825C9ECFE00108635 /* ValentinaDerksen_BillCalc */,
				35389C1725C9ECFE00108635 /* Products */,
			);
			sourceTree = "<group>";
		};
		35389C1725C9ECFE00108635 /* Products */ = {
			isa = PBXGroup;
			children = (
				35389C1625C9ECFE00108635 /* ValentinaDerksen_BillCalc.app */,
			);
			name = Products;
			sourceTree = "<group>";
		};
		35389C1825C9ECFE00108635 /* ValentinaDerksen_BillCalc */ = {
			isa = PBXGroup;
			children = (
				35389C1925C9ECFE00108635 /* AppDelegate.swift */,
				35389C1B25C9ECFE00108635 /* SceneDelegate.swift */,
				35389C1D25C9ECFE00108635 /* ViewController.swift */,
				35389C1F25C9ECFE00108635 /* Main.storyboard */,
				35389C2225C9ED0900108635 /* Assets.xcassets */,
				35389C2425C9ED0900108635 /* LaunchScreen.storyboard */,
				35389C2725C9ED0900108635 /* Info.plist */,
			);
			path = ValentinaDerksen_BillCalc;
			sourceTree = "<group>";
		};
/* End PBXGroup section */

/* Begin PBXNativeTarget section */
		35389C1525C9ECFE00108635 /* ValentinaDerksen_BillCalc */ = {
			isa = PBXNativeTarget;
			buildConfigurationList = 35389C2A25C9ED0900108635 /* Build configuration list for PBXNativeTarget "ValentinaDerksen_BillCalc" */;
			buildPhases = (
				35389C1225C9ECFE00108635 /* Sources */,
				35389C1325C9ECFE00108635 /* Frameworks */,
				35389C1425C9ECFE00108635 /* Resources */,
			);
			buildRules = (
			);
			dependencies = (
			);
			name = ValentinaDerksen_BillCalc;
			productName = ValentinaDerksen_BillCalc;
			productReference = 35389C1625C9ECFE00108635 /* ValentinaDerksen_BillCalc.app */;
			productType = "com.apple.product-type.application";
		};
/* End PBXNativeTarget section */

/* Begin PBXProject section */
		35389C0E25C9ECFE00108635 /* Project object */ = {
			isa = PBXProject;
			attributes = {
				LastSwiftUpdateCheck = 1230;
				LastUpgradeCheck = 1230;
				TargetAttributes = {
					35389C1525C9ECFE00108635 = {
						CreatedOnToolsVersion = 12.3;
					};
				};
			};
			buildConfigurationList = 35389C1125C9ECFE00108635 /* Build configuration list for PBXProject "ValentinaDerksen_BillCalc" */;
			compatibilityVersion = "Xcode 9.3";
			developmentRegion = en;
			hasScannedForEncodings = 0;
			knownRegions = (
				en,
				Base,
			);
			mainGroup = 35389C0D25C9ECFE00108635;
			productRefGroup = 35389C1725C9ECFE00108635 /* Products */;
			projectDirPath = "";
			projectRoot = "";
			targets = (
				35389C1525C9ECFE00108635 /* ValentinaDerksen_BillCalc */,
			);
		};
/* End PBXProject section */

/* Begin PBXResourcesBuildPhase section */
		35389C1425C9ECFE00108635 /* Resources */ = {
			isa = PBXResourcesBuildPhase;
			buildActionMask = 2147483647;
			files = (
				35389C2625C9ED0900108635 /* LaunchScreen.storyboard in Resources */,
				35389C2325C9ED0900108635 /* Assets.xcassets in Resources */,
				35389C2125C9ECFE00108635 /* Main.storyboard in Resources */,
			);
			runOnlyForDeploymentPostprocessing = 0;
		};
/* End PBXResourcesBuildPhase section */

/* Begin PBXSourcesBuildPhase section */
		35389C1225C9ECFE00108635 /* Sources */ = {
			isa = PBXSourcesBuildPhase;
			buildActionMask = 2147483647;
			files = (
				35389C1E25C9ECFE00108635 /* ViewController.swift in Sources */,
				35389C1A25C9ECFE00108635 /* AppDelegate.swift in Sources */,
				35389C1C25C9ECFE00108635 /* SceneDelegate.swift in Sources */,
			);
			runOnlyForDeploymentPostprocessing = 0;
		};
/* End PBXSourcesBuildPhase section */

/* Begin PBXVariantGroup section */
		35389C1F25C9ECFE00108635 /* Main.storyboard */ = {
			isa = PBXVariantGroup;
			children = (
				35389C2025C9ECFE00108635 /* Base */,
			);
			name = Main.storyboard;
			sourceTree = "<group>";
		};
		35389C2425C9ED0900108635 /* LaunchScreen.storyboard */ = {
			isa = PBXVariantGroup;
			children = (
				35389C2525C9ED0900108635 /* Base */,
			);
			name = LaunchScreen.storyboard;
			sourceTree = "<group>";
		};
/* End PBXVariantGroup section */

/* Begin XCBuildConfiguration section */
		35389C2825C9ED0900108635 /* Debug */ = {
			isa = XCBuildConfiguration;
			buildSettings = {
				ALWAYS_SEARCH_USER_PATHS = NO;
				CLANG_ANALYZER_NONNULL = YES;
				CLANG_ANALYZER_NUMBER_OBJECT_CONVERSION = YES_AGGRESSIVE;
				CLANG_CXX_LANGUAGE_STANDARD = "gnu++14";
				CLANG_CXX_LIBRARY = "libc++";
				CLANG_ENABLE_MODULES = YES;
				CLANG_ENABLE_OBJC_ARC = YES;
				CLANG_ENABLE_OBJC_WEAK = YES;
				CLANG_WARN_BLOCK_CAPTURE_AUTORELEASING = YES;
				CLANG_WARN_BOOL_CONVERSION = YES;
				CLANG_WARN_COMMA = YES;
				CLANG_WARN_CONSTANT_CONVERSION = YES;
				CLANG_WARN_DEPRECATED_OBJC_IMPLEMENTATIONS = YES;
				CLANG_WARN_DIRECT_OBJC_ISA_USAGE = YES_ERROR;
				CLANG_WARN_DOCUMENTATION_COMMENTS = YES;
				CLANG_WARN_EMPTY_BODY = YES;
				CLANG_WARN_ENUM_CONVERSION = YES;
				CLANG_WARN_INFINITE_RECURSION = YES;
				CLANG_WARN_INT_CONVERSION = YES;
				CLANG_WARN_NON_LITERAL_NULL_CONVERSION = YES;
				CLANG_WARN_OBJC_IMPLICIT_RETAIN_SELF = YES;
				CLANG_WARN_OBJC_LITERAL_CONVERSION = YES;
				CLANG_WARN_OBJC_ROOT_CLASS = YES_ERROR;
				CLANG_WARN_QUOTED_INCLUDE_IN_FRAMEWORK_HEADER = YES;
				CLANG_WARN_RANGE_LOOP_ANALYSIS = YES;
				CLANG_WARN_STRICT_PROTOTYPES = YES;
				CLANG_WARN_SUSPICIOUS_MOVE = YES;
				CLANG_WARN_UNGUARDED_AVAILABILITY = YES_AGGRESSIVE;
				CLANG_WARN_UNREACHABLE_CODE = YES;
				CLANG_WARN__DUPLICATE_METHOD_MATCH = YES;
				COPY_PHASE_STRIP = NO;
				DEBUG_INFORMATION_FORMAT = dwarf;
				ENABLE_STRICT_OBJC_MSGSEND = YES;
				ENABLE_TESTABILITY = YES;
				GCC_C_LANGUAGE_STANDARD = gnu11;
				GCC_DYNAMIC_NO_PIC = NO;
				GCC_NO_COMMON_BLOCKS = YES;
				GCC_OPTIMIZATION_LEVEL = 0;
				GCC_PREPROCESSOR_DEFINITIONS = (
					"DEBUG=1",
					"$(inherited)",
				);
				GCC_WARN_64_TO_32_BIT_CONVERSION = YES;
				GCC_WARN_ABOUT_RETURN_TYPE = YES_ERROR;
				GCC_WARN_UNDECLARED_SELECTOR = YES;
				GCC_WARN_UNINITIALIZED_AUTOS = YES_AGGRESSIVE;
				GCC_WARN_UNUSED_FUNCTION = YES;
				GCC_WARN_UNUSED_VARIABLE = YES;
				IPHONEOS_DEPLOYMENT_TARGET = 14.3;
				MTL_ENABLE_DEBUG_INFO = INCLUDE_SOURCE;
				MTL_FAST_MATH = YES;
				ONLY_ACTIVE_ARCH = YES;
				SDKROOT = iphoneos;
				SWIFT_ACTIVE_COMPILATION_CONDITIONS = DEBUG;
				SWIFT_OPTIMIZATION_LEVEL = "-Onone";
			};
			name = Debug;
		};
		35389C2925C9ED0900108635 /* Release */ = {
			isa = XCBuildConfiguration;
			buildSettings = {
				ALWAYS_SEARCH_USER_PATHS = NO;
				CLANG_ANALYZER_NONNULL = YES;
				CLANG_ANALYZER_NUMBER_OBJECT_CONVERSION = YES_AGGRESSIVE;
				CLANG_CXX_LANGUAGE_STANDARD = "gnu++14";
				CLANG_CXX_LIBRARY = "libc++";
				CLANG_ENABLE_MODULES = YES;
				CLANG_ENABLE_OBJC_ARC = YES;
				CLANG_ENABLE_OBJC_WEAK = YES;
				CLANG_WARN_BLOCK_CAPTURE_AUTORELEASING = YES;
				CLANG_WARN_BOOL_CONVERSION = YES;
				CLANG_WARN_COMMA = YES;
				CLANG_WARN_CONSTANT_CONVERSION = YES;
				CLANG_WARN_DEPRECATED_OBJC_IMPLEMENTATIONS = YES;
				CLANG_WARN_DIRECT_OBJC_ISA_USAGE = YES_ERROR;
				CLANG_WARN_DOCUMENTATION_COMMENTS = YES;
				CLANG_WARN_EMPTY_BODY = YES;
				CLANG_WARN_ENUM_CONVERSION = YES;
				CLANG_WARN_INFINITE_RECURSION = YES;
				CLANG_WARN_INT_CONVERSION = YES;
				CLANG_WARN_NON_LITERAL_NULL_CONVERSION = YES;
				CLANG_WARN_OBJC_IMPLICIT_RETAIN_SELF = YES;
				CLANG_WARN_OBJC_LITERAL_CONVERSION = YES;
				CLANG_WARN_OBJC_ROOT_CLASS = YES_ERROR;
				CLANG_WARN_QUOTED_INCLUDE_IN_FRAMEWORK_HEADER = YES;
				CLANG_WARN_RANGE_LOOP_ANALYSIS = YES;
				CLANG_WARN_STRICT_PROTOTYPES = YES;
				CLANG_WARN_SUSPICIOUS_MOVE = YES;
				CLANG_WARN_UNGUARDED_AVAILABILITY = YES_AGGRESSIVE;
				CLANG_WARN_UNREACHABLE_CODE = YES;
				CLANG_WARN__DUPLICATE_METHOD_MATCH = YES;
				COPY_PHASE_STRIP = NO;
				DEBUG_INFORMATION_FORMAT = "dwarf-with-dsym";
				ENABLE_NS_ASSERTIONS = NO;
				ENABLE_STRICT_OBJC_MSGSEND = YES;
				GCC_C_LANGUAGE_STANDARD = gnu11;
				GCC_NO_COMMON_BLOCKS = YES;
				GCC_WARN_64_TO_32_BIT_CONVERSION = YES;
				GCC_WARN_ABOUT_RETURN_TYPE = YES_ERROR;
				GCC_WARN_UNDECLARED_SELECTOR = YES;
				GCC_WARN_UNINITIALIZED_AUTOS = YES_AGGRESSIVE;
				GCC_WARN_UNUSED_FUNCTION = YES;
				GCC_WARN_UNUSED_VARIABLE = YES;
				IPHONEOS_DEPLOYMENT_TARGET = 14.3;
				MTL_ENABLE_DEBUG_INFO = NO;
				MTL_FAST_MATH = YES;
				SDKROOT = iphoneos;
				SWIFT_COMPILATION_MODE = wholemodule;
				SWIFT_OPTIMIZATION_LEVEL = "-O";
				VALIDATE_PRODUCT = YES;
			};
			name = Release;
		};
		35389C2B25C9ED0900108635 /* Debug */ = {
			isa = XCBuildConfiguration;
			buildSettings = {
				ASSETCATALOG_COMPILER_APPICON_NAME = AppIcon;
				ASSETCATALOG_COMPILER_GLOBAL_ACCENT_COLOR_NAME = AccentColor;
				CODE_SIGN_STYLE = Automatic;
				DEVELOPMENT_TEAM = H7KS7HKXC7;
				INFOPLIST_FILE = ValentinaDerksen_BillCalc/Info.plist;
				LD_RUNPATH_SEARCH_PATHS = (
					"$(inherited)",
					"@executable_path/Frameworks",
				);
				PRODUCT_BUNDLE_IDENTIFIER = "VD.ValentinaDerksen-BillCalc";
				PRODUCT_NAME = "$(TARGET_NAME)";
				SWIFT_VERSION = 5.0;
				TARGETED_DEVICE_FAMILY = "1,2";
			};
			name = Debug;
		};
		35389C2C25C9ED0900108635 /* Release */ = {
			isa = XCBuildConfiguration;
			buildSettings = {
				ASSETCATALOG_COMPILER_APPICON_NAME = AppIcon;
				ASSETCATALOG_COMPILER_GLOBAL_ACCENT_COLOR_NAME = AccentColor;
				CODE_SIGN_STYLE = Automatic;
				DEVELOPMENT_TEAM = H7KS7HKXC7;
				INFOPLIST_FILE = ValentinaDerksen_BillCalc/Info.plist;
				LD_RUNPATH_SEARCH_PATHS = (
					"$(inherited)",
					"@executable_path/Frameworks",
				);
				PRODUCT_BUNDLE_IDENTIFIER = "VD.ValentinaDerksen-BillCalc";
				PRODUCT_NAME = "$(TARGET_NAME)";
				SWIFT_VERSION = 5.0;
				TARGETED_DEVICE_FAMILY = "1,2";
			};
			name = Release;
		};
/* End XCBuildConfiguration section */

/* Begin XCConfigurationList section */
		35389C1125C9ECFE00108635 /* Build configuration list for PBXProject "ValentinaDerksen_BillCalc" */ = {
			isa = XCConfigurationList;
			buildConfigurations = (
				35389C2825C9ED0900108635 /* Debug */,
				35389C2925C9ED0900108635 /* Release */,
			);
			defaultConfigurationIsVisible = 0;
			defaultConfigurationName = Release;
		};
		35389C2A25C9ED0900108635 /* Build configuration list for PBXNativeTarget "ValentinaDerksen_BillCalc" */ = {
			isa = XCConfigurationList;
			buildConfigurations = (
				35389C2B25C9ED0900108635 /* Debug */,
				35389C2C25C9ED0900108635 /* Release */,
			);
			defaultConfigurationIsVisible = 0;
			defaultConfigurationName = Release;
		};
/* End XCConfigurationList section */
	};
	rootObject = 35389C0E25C9ECFE00108635 /* Project object */;
}
